<?xml version="1.0" encoding="UTF-8" standalone="yes" ?>
<CodeBlocks_project_file>
	<FileVersion major="1" minor="6" />
	<Project>
		<Option title="v1" />
		<Option pch_mode="2" />
		<Option compiler="gcc" />
		<Build>
			<Target title="Debug">
				<Option output="bin/Debug/v1" prefix_auto="1" extension_auto="1" />
				<Option object_output="obj/Debug/" />
				<Option type="1" />
				<Option compiler="gcc" />
				<Compiler>
					<Add option="-g" />
				</Compiler>
			</Target>
			<Target title="Release">
				<Option output="bin/Release/v1" prefix_auto="1" extension_auto="1" />
				<Option object_output="obj/Release/" />
				<Option type="1" />
				<Option compiler="gcc" />
				<Option use_console_runner="0" />
				<Compiler>
					<Add option="-O2" />
				</Compiler>
				<Linker>
					<Add option="-s" />
				</Linker>
			</Target>
		</Build>
		<Compiler>
			<Add option="-Wall" />
			<Add option="-std=c++14" />
		</Compiler>
		<Linker>
			<Add library="gdi32" />
			<Add library="user32" />
			<Add library="kernel32" />
			<Add library="comctl32" />
			<Add library="C:/Programs/library/codeblock/WS2_32.Lib" />
		</Linker>
		<Unit filename="../../include/Monitor.cpp" />
		<Unit filename="../../include/Monitor.h" />
		<Unit filename="../../include/NetClient.cpp" />
		<Unit filename="../../include/NetClient.h" />
		<Unit filename="../../include/NetClient2.cpp" />
		<Unit filename="../../include/NetClient2.h" />
		<Unit filename="../../include/RemoteDragon.cpp" />
		<Unit filename="../../include/RemoteDragon.h" />
		<Unit filename="../../include/RemoteDragon2.cpp" />
		<Unit filename="../../include/RemoteDragon2.h" />
		<Unit filename="../../include/SmartPacket.h" />
		<Unit filename="later.h" />
		<Unit filename="main.cpp" />
		<Unit filename="manifest.xml" />
		<Unit filename="resource.h" />
		<Unit filename="resource.rc">
			<Option compilerVar="WINDRES" />
		</Unit>
		<Extensions>
			<code_completion />
			<envvars />
			<debugger />
		</Extensions>
	</Project>
</CodeBlocks_project_file>
